
Microsoft Visual Studio Solution File, Format Version 12.00
# Visual Studio Version 17
VisualStudioVersion = 17.5.002.0
MinimumVisualStudioVersion = 10.0.40219.1
Project("{2150E333-8FDC-42A3-9474-1A3956D46DE8}") = "gurobi1103", "gurobi1103", "{629B0CF0-256C-4819-BE8B-BB8F99712594}"
EndProject
Project("{2150E333-8FDC-42A3-9474-1A3956D46DE8}") = "linux64", "linux64", "{AF29D495-3AC0-4B06-87D0-BBC6DCC84A76}"
EndProject
Project("{2150E333-8FDC-42A3-9474-1A3956D46DE8}") = "examples", "examples", "{5F7419FA-8C91-4841-A17A-B23668978463}"
EndProject
Project("{2150E333-8FDC-42A3-9474-1A3956D46DE8}") = "build", "build", "{039B3097-34E6-4AD7-A1E5-C2B5200E23D2}"
EndProject
Project("{9A19103F-16F7-4668-BE54-9A1E7A4F7556}") = "gurobi-nuget", "gurobi1103\linux64\examples\build\dotnet\gurobi-nuget.csproj", "{8CCD320B-95D8-4D3D-822B-3F7BC0259802}"
EndProject
Project("{9A19103F-16F7-4668-BE54-9A1E7A4F7556}") = "gurobi", "gurobi1103\linux64\examples\build\dotnet\gurobi.csproj", "{DF131327-9A4E-43F5-B5A0-99024D0BEAB8}"
EndProject
Project("{2150E333-8FDC-42A3-9474-1A3956D46DE8}") = "MIPMOD", "MIPMOD", "{D0C7D053-82D4-483E-A2FD-919B8D91DC52}"
EndProject
Project("{2150E333-8FDC-42A3-9474-1A3956D46DE8}") = "gurobi1103", "gurobi1103", "{A74B87ED-4FD8-4AF6-AA29-205178F28AE0}"
EndProject
Project("{2150E333-8FDC-42A3-9474-1A3956D46DE8}") = "linux64", "linux64", "{3B5C7AC4-23F7-4AAE-B3B5-7901E4E1BF1E}"
EndProject
Project("{2150E333-8FDC-42A3-9474-1A3956D46DE8}") = "examples", "examples", "{831E7C07-482A-42A3-AD92-DF56B173B445}"
EndProject
Project("{2150E333-8FDC-42A3-9474-1A3956D46DE8}") = "build", "build", "{B08DDD3C-07FE-4AB7-92A4-21AEE8DC1C37}"
EndProject
Project("{9A19103F-16F7-4668-BE54-9A1E7A4F7556}") = "gurobi-nuget", "MIPMOD\gurobi1103\linux64\examples\build\dotnet\gurobi-nuget.csproj", "{09BDE0E1-2621-4EAA-829E-9722081CA8F6}"
EndProject
Project("{9A19103F-16F7-4668-BE54-9A1E7A4F7556}") = "gurobi", "MIPMOD\gurobi1103\linux64\examples\build\dotnet\gurobi.csproj", "{8817C619-57E9-43E5-8AE7-BEA002B14176}"
EndProject
Global
	GlobalSection(SolutionConfigurationPlatforms) = preSolution
		Debug|Any CPU = Debug|Any CPU
		Release|Any CPU = Release|Any CPU
	EndGlobalSection
	GlobalSection(ProjectConfigurationPlatforms) = postSolution
		{8CCD320B-95D8-4D3D-822B-3F7BC0259802}.Debug|Any CPU.ActiveCfg = Debug|Any CPU
		{8CCD320B-95D8-4D3D-822B-3F7BC0259802}.Debug|Any CPU.Build.0 = Debug|Any CPU
		{8CCD320B-95D8-4D3D-822B-3F7BC0259802}.Release|Any CPU.ActiveCfg = Release|Any CPU
		{8CCD320B-95D8-4D3D-822B-3F7BC0259802}.Release|Any CPU.Build.0 = Release|Any CPU
		{DF131327-9A4E-43F5-B5A0-99024D0BEAB8}.Debug|Any CPU.ActiveCfg = Debug|Any CPU
		{DF131327-9A4E-43F5-B5A0-99024D0BEAB8}.Debug|Any CPU.Build.0 = Debug|Any CPU
		{DF131327-9A4E-43F5-B5A0-99024D0BEAB8}.Release|Any CPU.ActiveCfg = Release|Any CPU
		{DF131327-9A4E-43F5-B5A0-99024D0BEAB8}.Release|Any CPU.Build.0 = Release|Any CPU
		{09BDE0E1-2621-4EAA-829E-9722081CA8F6}.Debug|Any CPU.ActiveCfg = Debug|Any CPU
		{09BDE0E1-2621-4EAA-829E-9722081CA8F6}.Debug|Any CPU.Build.0 = Debug|Any CPU
		{09BDE0E1-2621-4EAA-829E-9722081CA8F6}.Release|Any CPU.ActiveCfg = Release|Any CPU
		{09BDE0E1-2621-4EAA-829E-9722081CA8F6}.Release|Any CPU.Build.0 = Release|Any CPU
		{8817C619-57E9-43E5-8AE7-BEA002B14176}.Debug|Any CPU.ActiveCfg = Debug|Any CPU
		{8817C619-57E9-43E5-8AE7-BEA002B14176}.Debug|Any CPU.Build.0 = Debug|Any CPU
		{8817C619-57E9-43E5-8AE7-BEA002B14176}.Release|Any CPU.ActiveCfg = Release|Any CPU
		{8817C619-57E9-43E5-8AE7-BEA002B14176}.Release|Any CPU.Build.0 = Release|Any CPU
	EndGlobalSection
	GlobalSection(SolutionProperties) = preSolution
		HideSolutionNode = FALSE
	EndGlobalSection
	GlobalSection(NestedProjects) = preSolution
		{AF29D495-3AC0-4B06-87D0-BBC6DCC84A76} = {629B0CF0-256C-4819-BE8B-BB8F99712594}
		{5F7419FA-8C91-4841-A17A-B23668978463} = {AF29D495-3AC0-4B06-87D0-BBC6DCC84A76}
		{039B3097-34E6-4AD7-A1E5-C2B5200E23D2} = {5F7419FA-8C91-4841-A17A-B23668978463}
		{8CCD320B-95D8-4D3D-822B-3F7BC0259802} = {039B3097-34E6-4AD7-A1E5-C2B5200E23D2}
		{DF131327-9A4E-43F5-B5A0-99024D0BEAB8} = {039B3097-34E6-4AD7-A1E5-C2B5200E23D2}
		{A74B87ED-4FD8-4AF6-AA29-205178F28AE0} = {D0C7D053-82D4-483E-A2FD-919B8D91DC52}
		{3B5C7AC4-23F7-4AAE-B3B5-7901E4E1BF1E} = {A74B87ED-4FD8-4AF6-AA29-205178F28AE0}
		{831E7C07-482A-42A3-AD92-DF56B173B445} = {3B5C7AC4-23F7-4AAE-B3B5-7901E4E1BF1E}
		{B08DDD3C-07FE-4AB7-92A4-21AEE8DC1C37} = {831E7C07-482A-42A3-AD92-DF56B173B445}
		{09BDE0E1-2621-4EAA-829E-9722081CA8F6} = {B08DDD3C-07FE-4AB7-92A4-21AEE8DC1C37}
		{8817C619-57E9-43E5-8AE7-BEA002B14176} = {B08DDD3C-07FE-4AB7-92A4-21AEE8DC1C37}
	EndGlobalSection
	GlobalSection(ExtensibilityGlobals) = postSolution
		SolutionGuid = {BC60E271-7032-49A8-BEFD-01B5ADA7459D}
	EndGlobalSection
EndGlobal
